
Microsoft Visual Studio Solution File, Format Version 12.00
# Visual Studio Version 16
VisualStudioVersion = 16.0.31402.337
MinimumVisualStudioVersion = 10.0.40219.1
Project("{FAE04EC0-301F-11D3-BF4B-00C04F79EFBC}") = "betweenViewModelandModel", "betweenViewModelandModel.csproj", "{0F9F4323-D56D-4C3E-82C9-276AB46E3D2B}"
EndProject
Global
	GlobalSection(SolutionConfigurationPlatforms) = preSolution
		Debug|Any CPU = Debug|Any CPU
		Release|Any CPU = Release|Any CPU
	EndGlobalSection
	GlobalSection(ProjectConfigurationPlatforms) = postSolution
		{0F9F4323-D56D-4C3E-82C9-276AB46E3D2B}.Debug|Any CPU.ActiveCfg = Debug|Any CPU
		{0F9F4323-D56D-4C3E-82C9-276AB46E3D2B}.Debug|Any CPU.Build.0 = Debug|Any CPU
		{0F9F4323-D56D-4C3E-82C9-276AB46E3D2B}.Release|Any CPU.ActiveCfg = Release|Any CPU
		{0F9F4323-D56D-4C3E-82C9-276AB46E3D2B}.Release|Any CPU.Build.0 = Release|Any CPU
	EndGlobalSection
	GlobalSection(SolutionProperties) = preSolution
		HideSolutionNode = FALSE
	EndGlobalSection
	GlobalSection(ExtensibilityGlobals) = postSolution
		SolutionGuid = {FC3CC7F8-FAAF-49E1-862B-FC21635E44E6}
	EndGlobalSection
EndGlobal
